{
  "name": "RTCoin",
  "version": "0.0.1",
  "lockfileVersion": 1,
  "requires": true,
  "dependencies": {
    "immutable": {
      "version": "3.8.2",
      "resolved": "https://registry.npmjs.org/immutable/-/immutable-3.8.2.tgz",
      "integrity": "sha1-wkOZUUVbs5kT2vKBN28VMOEErfM="
    },
    "js-tokens": {
      "version": "3.0.2",
      "resolved": "https://registry.npmjs.org/js-tokens/-/js-tokens-3.0.2.tgz",
      "integrity": "sha1-mGbfOVECEw449/mWvOtlRDIJwls="
    },
    "keymirror": {
      "version": "0.1.1",
      "resolved": "https://registry.npmjs.org/keymirror/-/keymirror-0.1.1.tgz",
      "integrity": "sha1-kYiJ6hP40KQufFVyUO7nE63JXDU="
    },
    "loose-envify": {
      "version": "1.3.1",
      "resolved": "https://registry.npmjs.org/loose-envify/-/loose-envify-1.3.1.tgz",
      "integrity": "sha1-0aitM/qc4OcT1l/dCsi3SNR4yEg=",
      "requires": {
        "js-tokens": "3.0.2"
      }
    },
    "object-assign": {
      "version": "4.1.1",
      "resolved": "https://registry.npmjs.org/object-assign/-/object-assign-4.1.1.tgz",
      "integrity": "sha1-IQmtx5ZYh8/AXLvUQsrIv7s2CGM="
    },
    "prop-types": {
      "version": "15.6.2",
      "resolved": "https://registry.npmjs.org/prop-types/-/prop-types-15.6.2.tgz",
      "integrity": "sha512-3pboPvLiWD7dkI3qf3KbUe6hKFKa52w+AE0VCqECtf+QHAKgOL37tTaNCnuX1nAAQ4ZhyP+kYVKf8rLmJ/feDQ==",
      "requires": {
        "loose-envify": "1.3.1",
        "object-assign": "4.1.1"
      }
    },
    "react-native-swiper": {
      "version": "1.5.13",
      "resolved": "https://registry.npmjs.org/react-native-swiper/-/react-native-swiper-1.5.13.tgz",
      "integrity": "sha512-byBPx3qz3FvZhk4O8LR8am5SoO/pwm2Sj1OmFuXOOLYEj87+PzQaTr9u7+mgU76Ti2TP1OWnCPTXH6XUXYwxyw==",
      "requires": {
        "prop-types": "15.6.2"
      }
    },
    "react-native-tab-navigator": {
      "version": "0.3.4",
      "resolved": "https://registry.npmjs.org/react-native-tab-navigator/-/react-native-tab-navigator-0.3.4.tgz",
      "integrity": "sha1-VKGPGtBqCdSg3oH/AEFrwbdgyWA=",
      "requires": {
        "immutable": "3.8.2",
        "prop-types": "15.6.2"
      }
    },
    "react-native-video": {
      "version": "3.0.0",
      "resolved": "https://registry.npmjs.org/react-native-video/-/react-native-video-3.0.0.tgz",
      "integrity": "sha512-c86Gne9/dA5Je1I07/cg5OHmKgf3vTZWISa0eRge4rCJHAe2NyTBNQODFqDdqS4LFio5AuWjV/+bP7/8FXLy1g==",
      "requires": {
        "keymirror": "0.1.1",
        "prop-types": "15.6.2"
      }
    }
  }
}
